// !$*UTF8*$!
{
	archiveVersion = 1;
	classes = {
	};
	objectVersion = 56;
	objects = {

/* Begin PBXBuildFile section */
		2502512E29D4C72A005FBC48 /* Weather_DesCodeApp.swift in Sources */ = {isa = PBXBuildFile; fileRef = 2502512D29D4C72A005FBC48 /* Weather_DesCodeApp.swift */; };
		2502513029D4C72A005FBC48 /* ContentView.swift in Sources */ = {isa = PBXBuildFile; fileRef = 2502512F29D4C72A005FBC48 /* ContentView.swift */; };
		2502513229D4C749005FBC48 /* Assets.xcassets in Resources */ = {isa = PBXBuildFile; fileRef = 2502513129D4C749005FBC48 /* Assets.xcassets */; };
		2502513529D4C749005FBC48 /* Preview Assets.xcassets in Resources */ = {isa = PBXBuildFile; fileRef = 2502513429D4C749005FBC48 /* Preview Assets.xcassets */; };
		2502513D29D4D1F5005FBC48 /* LocationManager.swift in Sources */ = {isa = PBXBuildFile; fileRef = 2502513C29D4D1F5005FBC48 /* LocationManager.swift */; };
		2502514029D4DC0E005FBC48 /* WelcomeView.swift in Sources */ = {isa = PBXBuildFile; fileRef = 2502513F29D4DC0E005FBC48 /* WelcomeView.swift */; };
		2502514229D4E0BA005FBC48 /* LoadingView.swift in Sources */ = {isa = PBXBuildFile; fileRef = 2502514129D4E0BA005FBC48 /* LoadingView.swift */; };
		2502514429D4E606005FBC48 /* WeatherManager.swift in Sources */ = {isa = PBXBuildFile; fileRef = 2502514329D4E606005FBC48 /* WeatherManager.swift */; };
		2502514629D4EEEC005FBC48 /* WeatherView.swift in Sources */ = {isa = PBXBuildFile; fileRef = 2502514529D4EEEC005FBC48 /* WeatherView.swift */; };
		2502514829D4EF75005FBC48 /* ModelData.swift in Sources */ = {isa = PBXBuildFile; fileRef = 2502514729D4EF75005FBC48 /* ModelData.swift */; };
		2502514A29D4EFBD005FBC48 /* weatherData.json in Resources */ = {isa = PBXBuildFile; fileRef = 2502514929D4EFBD005FBC48 /* weatherData.json */; };
		2502514C29D4F12C005FBC48 /* Extensions.swift in Sources */ = {isa = PBXBuildFile; fileRef = 2502514B29D4F12C005FBC48 /* Extensions.swift */; };
		2502514F29D4FA74005FBC48 /* WeatherRow.swift in Sources */ = {isa = PBXBuildFile; fileRef = 2502514E29D4FA74005FBC48 /* WeatherRow.swift */; };
/* End PBXBuildFile section */

/* Begin PBXFileReference section */
		2502512A29D4C72A005FBC48 /* Weather-DesCode.app */ = {isa = PBXFileReference; explicitFileType = wrapper.application; includeInIndex = 0; path = "Weather-DesCode.app"; sourceTree = BUILT_PRODUCTS_DIR; };
		2502512D29D4C72A005FBC48 /* Weather_DesCodeApp.swift */ = {isa = PBXFileReference; lastKnownFileType = sourcecode.swift; path = Weather_DesCodeApp.swift; sourceTree = "<group>"; };
		2502512F29D4C72A005FBC48 /* ContentView.swift */ = {isa = PBXFileReference; lastKnownFileType = sourcecode.swift; path = ContentView.swift; sourceTree = "<group>"; };
		2502513129D4C749005FBC48 /* Assets.xcassets */ = {isa = PBXFileReference; lastKnownFileType = folder.assetcatalog; path = Assets.xcassets; sourceTree = "<group>"; };
		2502513429D4C749005FBC48 /* Preview Assets.xcassets */ = {isa = PBXFileReference; lastKnownFileType = folder.assetcatalog; path = "Preview Assets.xcassets"; sourceTree = "<group>"; };
		2502513C29D4D1F5005FBC48 /* LocationManager.swift */ = {isa = PBXFileReference; lastKnownFileType = sourcecode.swift; path = LocationManager.swift; sourceTree = "<group>"; };
		2502513F29D4DC0E005FBC48 /* WelcomeView.swift */ = {isa = PBXFileReference; lastKnownFileType = sourcecode.swift; path = WelcomeView.swift; sourceTree = "<group>"; };
		2502514129D4E0BA005FBC48 /* LoadingView.swift */ = {isa = PBXFileReference; lastKnownFileType = sourcecode.swift; path = LoadingView.swift; sourceTree = "<group>"; };
		2502514329D4E606005FBC48 /* WeatherManager.swift */ = {isa = PBXFileReference; lastKnownFileType = sourcecode.swift; path = WeatherManager.swift; sourceTree = "<group>"; };
		2502514529D4EEEC005FBC48 /* WeatherView.swift */ = {isa = PBXFileReference; lastKnownFileType = sourcecode.swift; path = WeatherView.swift; sourceTree = "<group>"; };
		2502514729D4EF75005FBC48 /* ModelData.swift */ = {isa = PBXFileReference; lastKnownFileType = sourcecode.swift; path = ModelData.swift; sourceTree = "<group>"; };
		2502514929D4EFBD005FBC48 /* weatherData.json */ = {isa = PBXFileReference; lastKnownFileType = text.json; path = weatherData.json; sourceTree = "<group>"; };
		2502514B29D4F12C005FBC48 /* Extensions.swift */ = {isa = PBXFileReference; lastKnownFileType = sourcecode.swift; path = Extensions.swift; sourceTree = "<group>"; };
		2502514E29D4FA74005FBC48 /* WeatherRow.swift */ = {isa = PBXFileReference; lastKnownFileType = sourcecode.swift; path = WeatherRow.swift; sourceTree = "<group>"; };
/* End PBXFileReference section */

/* Begin PBXFrameworksBuildPhase section */
		2502512729D4C72A005FBC48 /* Frameworks */ = {
			isa = PBXFrameworksBuildPhase;
			buildActionMask = 2147483647;
			files = (
			);
			runOnlyForDeploymentPostprocessing = 0;
		};
/* End PBXFrameworksBuildPhase section */

/* Begin PBXGroup section */
		2502512129D4C729005FBC48 = {
			isa = PBXGroup;
			children = (
				2502512C29D4C72A005FBC48 /* Weather-DesCode */,
				2502512B29D4C72A005FBC48 /* Products */,
			);
			sourceTree = "<group>";
		};
		2502512B29D4C72A005FBC48 /* Products */ = {
			isa = PBXGroup;
			children = (
				2502512A29D4C72A005FBC48 /* Weather-DesCode.app */,
			);
			name = Products;
			sourceTree = "<group>";
		};
		2502512C29D4C72A005FBC48 /* Weather-DesCode */ = {
			isa = PBXGroup;
			children = (
				2502512D29D4C72A005FBC48 /* Weather_DesCodeApp.swift */,
				2502513E29D4DB66005FBC48 /* Views */,
				2502513B29D4D184005FBC48 /* Managers */,
				2502514D29D4FA5A005FBC48 /* Components */,
				2502513129D4C749005FBC48 /* Assets.xcassets */,
				2502513329D4C749005FBC48 /* Preview Content */,
				2502514B29D4F12C005FBC48 /* Extensions.swift */,
			);
			path = "Weather-DesCode";
			sourceTree = "<group>";
		};
		2502513329D4C749005FBC48 /* Preview Content */ = {
			isa = PBXGroup;
			children = (
				2502513429D4C749005FBC48 /* Preview Assets.xcassets */,
				2502514729D4EF75005FBC48 /* ModelData.swift */,
				2502514929D4EFBD005FBC48 /* weatherData.json */,
			);
			path = "Preview Content";
			sourceTree = "<group>";
		};
		2502513B29D4D184005FBC48 /* Managers */ = {
			isa = PBXGroup;
			children = (
				2502513C29D4D1F5005FBC48 /* LocationManager.swift */,
				2502514329D4E606005FBC48 /* WeatherManager.swift */,
			);
			path = Managers;
			sourceTree = "<group>";
		};
		2502513E29D4DB66005FBC48 /* Views */ = {
			isa = PBXGroup;
			children = (
				2502512F29D4C72A005FBC48 /* ContentView.swift */,
				2502513F29D4DC0E005FBC48 /* WelcomeView.swift */,
				2502514129D4E0BA005FBC48 /* LoadingView.swift */,
				2502514529D4EEEC005FBC48 /* WeatherView.swift */,
			);
			path = Views;
			sourceTree = "<group>";
		};
		2502514D29D4FA5A005FBC48 /* Components */ = {
			isa = PBXGroup;
			children = (
				2502514E29D4FA74005FBC48 /* WeatherRow.swift */,
			);
			path = Components;
			sourceTree = "<group>";
		};
/* End PBXGroup section */

/* Begin PBXNativeTarget section */
		2502512929D4C72A005FBC48 /* Weather-DesCode */ = {
			isa = PBXNativeTarget;
			buildConfigurationList = 2502513829D4C749005FBC48 /* Build configuration list for PBXNativeTarget "Weather-DesCode" */;
			buildPhases = (
				2502512629D4C72A005FBC48 /* Sources */,
				2502512729D4C72A005FBC48 /* Frameworks */,
				2502512829D4C72A005FBC48 /* Resources */,
			);
			buildRules = (
			);
			dependencies = (
			);
			name = "Weather-DesCode";
			productName = "Weather-DesCode";
			productReference = 2502512A29D4C72A005FBC48 /* Weather-DesCode.app */;
			productType = "com.apple.product-type.application";
		};
/* End PBXNativeTarget section */

/* Begin PBXProject section */
		2502512229D4C729005FBC48 /* Project object */ = {
			isa = PBXProject;
			attributes = {
				BuildIndependentTargetsInParallel = 1;
				LastSwiftUpdateCheck = 1420;
				LastUpgradeCheck = 1420;
				TargetAttributes = {
					2502512929D4C72A005FBC48 = {
						CreatedOnToolsVersion = 14.2;
					};
				};
			};
			buildConfigurationList = 2502512529D4C729005FBC48 /* Build configuration list for PBXProject "Weather-DesCode" */;
			compatibilityVersion = "Xcode 14.0";
			developmentRegion = en;
			hasScannedForEncodings = 0;
			knownRegions = (
				en,
				Base,
			);
			mainGroup = 2502512129D4C729005FBC48;
			productRefGroup = 2502512B29D4C72A005FBC48 /* Products */;
			projectDirPath = "";
			projectRoot = "";
			targets = (
				2502512929D4C72A005FBC48 /* Weather-DesCode */,
			);
		};
/* End PBXProject section */

/* Begin PBXResourcesBuildPhase section */
		2502512829D4C72A005FBC48 /* Resources */ = {
			isa = PBXResourcesBuildPhase;
			buildActionMask = 2147483647;
			files = (
				2502513529D4C749005FBC48 /* Preview Assets.xcassets in Resources */,
				2502514A29D4EFBD005FBC48 /* weatherData.json in Resources */,
				2502513229D4C749005FBC48 /* Assets.xcassets in Resources */,
			);
			runOnlyForDeploymentPostprocessing = 0;
		};
/* End PBXResourcesBuildPhase section */

/* Begin PBXSourcesBuildPhase section */
		2502512629D4C72A005FBC48 /* Sources */ = {
			isa = PBXSourcesBuildPhase;
			buildActionMask = 2147483647;
			files = (
				2502514429D4E606005FBC48 /* WeatherManager.swift in Sources */,
				2502514C29D4F12C005FBC48 /* Extensions.swift in Sources */,
				2502513029D4C72A005FBC48 /* ContentView.swift in Sources */,
				2502512E29D4C72A005FBC48 /* Weather_DesCodeApp.swift in Sources */,
				2502513D29D4D1F5005FBC48 /* LocationManager.swift in Sources */,
				2502514F29D4FA74005FBC48 /* WeatherRow.swift in Sources */,
				2502514229D4E0BA005FBC48 /* LoadingView.swift in Sources */,
				2502514829D4EF75005FBC48 /* ModelData.swift in Sources */,
				2502514629D4EEEC005FBC48 /* WeatherView.swift in Sources */,
				2502514029D4DC0E005FBC48 /* WelcomeView.swift in Sources */,
			);
			runOnlyForDeploymentPostprocessing = 0;
		};
/* End PBXSourcesBuildPhase section */

/* Begin XCBuildConfiguration section */
		2502513629D4C749005FBC48 /* Debug */ = {
			isa = XCBuildConfiguration;
			buildSettings = {
				ALWAYS_SEARCH_USER_PATHS = NO;
				CLANG_ANALYZER_NONNULL = YES;
				CLANG_ANALYZER_NUMBER_OBJECT_CONVERSION = YES_AGGRESSIVE;
				CLANG_CXX_LANGUAGE_STANDARD = "gnu++20";
				CLANG_ENABLE_MODULES = YES;
				CLANG_ENABLE_OBJC_ARC = YES;
				CLANG_ENABLE_OBJC_WEAK = YES;
				CLANG_WARN_BLOCK_CAPTURE_AUTORELEASING = YES;
				CLANG_WARN_BOOL_CONVERSION = YES;
				CLANG_WARN_COMMA = YES;
				CLANG_WARN_CONSTANT_CONVERSION = YES;
				CLANG_WARN_DEPRECATED_OBJC_IMPLEMENTATIONS = YES;
				CLANG_WARN_DIRECT_OBJC_ISA_USAGE = YES_ERROR;
				CLANG_WARN_DOCUMENTATION_COMMENTS = YES;
				CLANG_WARN_EMPTY_BODY = YES;
				CLANG_WARN_ENUM_CONVERSION = YES;
				CLANG_WARN_INFINITE_RECURSION = YES;
				CLANG_WARN_INT_CONVERSION = YES;
				CLANG_WARN_NON_LITERAL_NULL_CONVERSION = YES;
				CLANG_WARN_OBJC_IMPLICIT_RETAIN_SELF = YES;
				CLANG_WARN_OBJC_LITERAL_CONVERSION = YES;
				CLANG_WARN_OBJC_ROOT_CLASS = YES_ERROR;
				CLANG_WARN_QUOTED_INCLUDE_IN_FRAMEWORK_HEADER = YES;
				CLANG_WARN_RANGE_LOOP_ANALYSIS = YES;
				CLANG_WARN_STRICT_PROTOTYPES = YES;
				CLANG_WARN_SUSPICIOUS_MOVE = YES;
				CLANG_WARN_UNGUARDED_AVAILABILITY = YES_AGGRESSIVE;
				CLANG_WARN_UNREACHABLE_CODE = YES;
				CLANG_WARN__DUPLICATE_METHOD_MATCH = YES;
				COPY_PHASE_STRIP = NO;
				DEBUG_INFORMATION_FORMAT = dwarf;
				ENABLE_STRICT_OBJC_MSGSEND = YES;
				ENABLE_TESTABILITY = YES;
				GCC_C_LANGUAGE_STANDARD = gnu11;
				GCC_DYNAMIC_NO_PIC = NO;
				GCC_NO_COMMON_BLOCKS = YES;
				GCC_OPTIMIZATION_LEVEL = 0;
				GCC_PREPROCESSOR_DEFINITIONS = (
					"DEBUG=1",
					"$(inherited)",
				);
				GCC_WARN_64_TO_32_BIT_CONVERSION = YES;
				GCC_WARN_ABOUT_RETURN_TYPE = YES_ERROR;
				GCC_WARN_UNDECLARED_SELECTOR = YES;
				GCC_WARN_UNINITIALIZED_AUTOS = YES_AGGRESSIVE;
				GCC_WARN_UNUSED_FUNCTION = YES;
				GCC_WARN_UNUSED_VARIABLE = YES;
				IPHONEOS_DEPLOYMENT_TARGET = 16.2;
				MTL_ENABLE_DEBUG_INFO = INCLUDE_SOURCE;
				MTL_FAST_MATH = YES;
				ONLY_ACTIVE_ARCH = YES;
				SDKROOT = iphoneos;
				SWIFT_ACTIVE_COMPILATION_CONDITIONS = DEBUG;
				SWIFT_OPTIMIZATION_LEVEL = "-Onone";
			};
			name = Debug;
		};
		2502513729D4C749005FBC48 /* Release */ = {
			isa = XCBuildConfiguration;
			buildSettings = {
				ALWAYS_SEARCH_USER_PATHS = NO;
				CLANG_ANALYZER_NONNULL = YES;
				CLANG_ANALYZER_NUMBER_OBJECT_CONVERSION = YES_AGGRESSIVE;
				CLANG_CXX_LANGUAGE_STANDARD = "gnu++20";
				CLANG_ENABLE_MODULES = YES;
				CLANG_ENABLE_OBJC_ARC = YES;
				CLANG_ENABLE_OBJC_WEAK = YES;
				CLANG_WARN_BLOCK_CAPTURE_AUTORELEASING = YES;
				CLANG_WARN_BOOL_CONVERSION = YES;
				CLANG_WARN_COMMA = YES;
				CLANG_WARN_CONSTANT_CONVERSION = YES;
				CLANG_WARN_DEPRECATED_OBJC_IMPLEMENTATIONS = YES;
				CLANG_WARN_DIRECT_OBJC_ISA_USAGE = YES_ERROR;
				CLANG_WARN_DOCUMENTATION_COMMENTS = YES;
				CLANG_WARN_EMPTY_BODY = YES;
				CLANG_WARN_ENUM_CONVERSION = YES;
				CLANG_WARN_INFINITE_RECURSION = YES;
				CLANG_WARN_INT_CONVERSION = YES;
				CLANG_WARN_NON_LITERAL_NULL_CONVERSION = YES;
				CLANG_WARN_OBJC_IMPLICIT_RETAIN_SELF = YES;
				CLANG_WARN_OBJC_LITERAL_CONVERSION = YES;
				CLANG_WARN_OBJC_ROOT_CLASS = YES_ERROR;
				CLANG_WARN_QUOTED_INCLUDE_IN_FRAMEWORK_HEADER = YES;
				CLANG_WARN_RANGE_LOOP_ANALYSIS = YES;
				CLANG_WARN_STRICT_PROTOTYPES = YES;
				CLANG_WARN_SUSPICIOUS_MOVE = YES;
				CLANG_WARN_UNGUARDED_AVAILABILITY = YES_AGGRESSIVE;
				CLANG_WARN_UNREACHABLE_CODE = YES;
				CLANG_WARN__DUPLICATE_METHOD_MATCH = YES;
				COPY_PHASE_STRIP = NO;
				DEBUG_INFORMATION_FORMAT = "dwarf-with-dsym";
				ENABLE_NS_ASSERTIONS = NO;
				ENABLE_STRICT_OBJC_MSGSEND = YES;
				GCC_C_LANGUAGE_STANDARD = gnu11;
				GCC_NO_COMMON_BLOCKS = YES;
				GCC_WARN_64_TO_32_BIT_CONVERSION = YES;
				GCC_WARN_ABOUT_RETURN_TYPE = YES_ERROR;
				GCC_WARN_UNDECLARED_SELECTOR = YES;
				GCC_WARN_UNINITIALIZED_AUTOS = YES_AGGRESSIVE;
				GCC_WARN_UNUSED_FUNCTION = YES;
				GCC_WARN_UNUSED_VARIABLE = YES;
				IPHONEOS_DEPLOYMENT_TARGET = 16.2;
				MTL_ENABLE_DEBUG_INFO = NO;
				MTL_FAST_MATH = YES;
				SDKROOT = iphoneos;
				SWIFT_COMPILATION_MODE = wholemodule;
				SWIFT_OPTIMIZATION_LEVEL = "-O";
				VALIDATE_PRODUCT = YES;
			};
			name = Release;
		};
		2502513929D4C749005FBC48 /* Debug */ = {
			isa = XCBuildConfiguration;
			buildSettings = {
				ASSETCATALOG_COMPILER_APPICON_NAME = AppIcon;
				ASSETCATALOG_COMPILER_GLOBAL_ACCENT_COLOR_NAME = AccentColor;
				CODE_SIGN_STYLE = Automatic;
				CURRENT_PROJECT_VERSION = 1;
				DEVELOPMENT_ASSET_PATHS = "\"Weather-DesCode/Preview Content\"";
				DEVELOPMENT_TEAM = 6F8F5SWM7M;
				ENABLE_PREVIEWS = YES;
				GENERATE_INFOPLIST_FILE = YES;
				INFOPLIST_KEY_UIApplicationSceneManifest_Generation = YES;
				INFOPLIST_KEY_UIApplicationSupportsIndirectInputEvents = YES;
				INFOPLIST_KEY_UILaunchScreen_Generation = YES;
				INFOPLIST_KEY_UISupportedInterfaceOrientations_iPad = "UIInterfaceOrientationPortrait UIInterfaceOrientationPortraitUpsideDown UIInterfaceOrientationLandscapeLeft UIInterfaceOrientationLandscapeRight";
				INFOPLIST_KEY_UISupportedInterfaceOrientations_iPhone = "UIInterfaceOrientationPortrait UIInterfaceOrientationLandscapeLeft UIInterfaceOrientationLandscapeRight";
				LD_RUNPATH_SEARCH_PATHS = (
					"$(inherited)",
					"@executable_path/Frameworks",
				);
				MARKETING_VERSION = 1.0;
				PRODUCT_BUNDLE_IDENTIFIER = "com.mixinteractive.Weather-DesCode";
				PRODUCT_NAME = "$(TARGET_NAME)";
				SWIFT_EMIT_LOC_STRINGS = YES;
				SWIFT_VERSION = 5.0;
				TARGETED_DEVICE_FAMILY = "1,2";
			};
			name = Debug;
		};
		2502513A29D4C749005FBC48 /* Release */ = {
			isa = XCBuildConfiguration;
			buildSettings = {
				ASSETCATALOG_COMPILER_APPICON_NAME = AppIcon;
				ASSETCATALOG_COMPILER_GLOBAL_ACCENT_COLOR_NAME = AccentColor;
				CODE_SIGN_STYLE = Automatic;
				CURRENT_PROJECT_VERSION = 1;
				DEVELOPMENT_ASSET_PATHS = "\"Weather-DesCode/Preview Content\"";
				DEVELOPMENT_TEAM = 6F8F5SWM7M;
				ENABLE_PREVIEWS = YES;
				GENERATE_INFOPLIST_FILE = YES;
				INFOPLIST_KEY_UIApplicationSceneManifest_Generation = YES;
				INFOPLIST_KEY_UIApplicationSupportsIndirectInputEvents = YES;
				INFOPLIST_KEY_UILaunchScreen_Generation = YES;
				INFOPLIST_KEY_UISupportedInterfaceOrientations_iPad = "UIInterfaceOrientationPortrait UIInterfaceOrientationPortraitUpsideDown UIInterfaceOrientationLandscapeLeft UIInterfaceOrientationLandscapeRight";
				INFOPLIST_KEY_UISupportedInterfaceOrientations_iPhone = "UIInterfaceOrientationPortrait UIInterfaceOrientationLandscapeLeft UIInterfaceOrientationLandscapeRight";
				LD_RUNPATH_SEARCH_PATHS = (
					"$(inherited)",
					"@executable_path/Frameworks",
				);
				MARKETING_VERSION = 1.0;
				PRODUCT_BUNDLE_IDENTIFIER = "com.mixinteractive.Weather-DesCode";
				PRODUCT_NAME = "$(TARGET_NAME)";
				SWIFT_EMIT_LOC_STRINGS = YES;
				SWIFT_VERSION = 5.0;
				TARGETED_DEVICE_FAMILY = "1,2";
			};
			name = Release;
		};
/* End XCBuildConfiguration section */

/* Begin XCConfigurationList section */
		2502512529D4C729005FBC48 /* Build configuration list for PBXProject "Weather-DesCode" */ = {
			isa = XCConfigurationList;
			buildConfigurations = (
				2502513629D4C749005FBC48 /* Debug */,
				2502513729D4C749005FBC48 /* Release */,
			);
			defaultConfigurationIsVisible = 0;
			defaultConfigurationName = Release;
		};
		2502513829D4C749005FBC48 /* Build configuration list for PBXNativeTarget "Weather-DesCode" */ = {
			isa = XCConfigurationList;
			buildConfigurations = (
				2502513929D4C749005FBC48 /* Debug */,
				2502513A29D4C749005FBC48 /* Release */,
			);
			defaultConfigurationIsVisible = 0;
			defaultConfigurationName = Release;
		};
/* End XCConfigurationList section */
	};
	rootObject = 2502512229D4C729005FBC48 /* Project object */;
}
